// !$*UTF8*$!
{
	archiveVersion = 1;
	classes = {
	};
	objectVersion = 50;
	objects = {

/* Begin PBXBuildFile section */
		9B37A2C92252549400B77F71 /* AppDelegate.swift in Sources */ = {isa = PBXBuildFile; fileRef = 9B37A2C82252549400B77F71 /* AppDelegate.swift */; };
		9B37A2CB2252549400B77F71 /* ViewController.swift in Sources */ = {isa = PBXBuildFile; fileRef = 9B37A2CA2252549400B77F71 /* ViewController.swift */; };
		9B37A2CE2252549400B77F71 /* Main.storyboard in Resources */ = {isa = PBXBuildFile; fileRef = 9B37A2CC2252549400B77F71 /* Main.storyboard */; };
		9B37A2D02252549600B77F71 /* Assets.xcassets in Resources */ = {isa = PBXBuildFile; fileRef = 9B37A2CF2252549600B77F71 /* Assets.xcassets */; };
		9B37A2D32252549600B77F71 /* LaunchScreen.storyboard in Resources */ = {isa = PBXBuildFile; fileRef = 9B37A2D12252549600B77F71 /* LaunchScreen.storyboard */; };
		9B37A2DB225254C500B77F71 /* RatingController.swift in Sources */ = {isa = PBXBuildFile; fileRef = 9B37A2DA225254C500B77F71 /* RatingController.swift */; };
		9B37A2DD2252557C00B77F71 /* ReviewViewController.swift in Sources */ = {isa = PBXBuildFile; fileRef = 9B37A2DC2252557C00B77F71 /* ReviewViewController.swift */; };
		9B37A2DF22525CE300B77F71 /* ReviewModel.swift in Sources */ = {isa = PBXBuildFile; fileRef = 9B37A2DE22525CE300B77F71 /* ReviewModel.swift */; };
/* End PBXBuildFile section */

/* Begin PBXFileReference section */
		9B37A2C52252549400B77F71 /* ReviewPageSample.app */ = {isa = PBXFileReference; explicitFileType = wrapper.application; includeInIndex = 0; path = ReviewPageSample.app; sourceTree = BUILT_PRODUCTS_DIR; };
		9B37A2C82252549400B77F71 /* AppDelegate.swift */ = {isa = PBXFileReference; lastKnownFileType = sourcecode.swift; path = AppDelegate.swift; sourceTree = "<group>"; };
		9B37A2CA2252549400B77F71 /* ViewController.swift */ = {isa = PBXFileReference; lastKnownFileType = sourcecode.swift; path = ViewController.swift; sourceTree = "<group>"; };
		9B37A2CD2252549400B77F71 /* Base */ = {isa = PBXFileReference; lastKnownFileType = file.storyboard; name = Base; path = Base.lproj/Main.storyboard; sourceTree = "<group>"; };
		9B37A2CF2252549600B77F71 /* Assets.xcassets */ = {isa = PBXFileReference; lastKnownFileType = folder.assetcatalog; path = Assets.xcassets; sourceTree = "<group>"; };
		9B37A2D22252549600B77F71 /* Base */ = {isa = PBXFileReference; lastKnownFileType = file.storyboard; name = Base; path = Base.lproj/LaunchScreen.storyboard; sourceTree = "<group>"; };
		9B37A2D42252549600B77F71 /* Info.plist */ = {isa = PBXFileReference; lastKnownFileType = text.plist.xml; path = Info.plist; sourceTree = "<group>"; };
		9B37A2DA225254C500B77F71 /* RatingController.swift */ = {isa = PBXFileReference; lastKnownFileType = sourcecode.swift; path = RatingController.swift; sourceTree = "<group>"; };
		9B37A2DC2252557C00B77F71 /* ReviewViewController.swift */ = {isa = PBXFileReference; lastKnownFileType = sourcecode.swift; path = ReviewViewController.swift; sourceTree = "<group>"; };
		9B37A2DE22525CE300B77F71 /* ReviewModel.swift */ = {isa = PBXFileReference; lastKnownFileType = sourcecode.swift; path = ReviewModel.swift; sourceTree = "<group>"; };
/* End PBXFileReference section */

/* Begin PBXFrameworksBuildPhase section */
		9B37A2C22252549400B77F71 /* Frameworks */ = {
			isa = PBXFrameworksBuildPhase;
			buildActionMask = 2147483647;
			files = (
			);
			runOnlyForDeploymentPostprocessing = 0;
		};
/* End PBXFrameworksBuildPhase section */

/* Begin PBXGroup section */
		9B37A2BC2252549400B77F71 = {
			isa = PBXGroup;
			children = (
				9B37A2C72252549400B77F71 /* ReviewPageSample */,
				9B37A2C62252549400B77F71 /* Products */,
			);
			sourceTree = "<group>";
		};
		9B37A2C62252549400B77F71 /* Products */ = {
			isa = PBXGroup;
			children = (
				9B37A2C52252549400B77F71 /* ReviewPageSample.app */,
			);
			name = Products;
			sourceTree = "<group>";
		};
		9B37A2C72252549400B77F71 /* ReviewPageSample */ = {
			isa = PBXGroup;
			children = (
				9B37A2C82252549400B77F71 /* AppDelegate.swift */,
				9B37A2CC2252549400B77F71 /* Main.storyboard */,
				9B37A2CF2252549600B77F71 /* Assets.xcassets */,
				9B37A2D12252549600B77F71 /* LaunchScreen.storyboard */,
				9B37A2D42252549600B77F71 /* Info.plist */,
				9B37A2CA2252549400B77F71 /* ViewController.swift */,
				9B37A2DA225254C500B77F71 /* RatingController.swift */,
				9B37A2DC2252557C00B77F71 /* ReviewViewController.swift */,
				9B37A2DE22525CE300B77F71 /* ReviewModel.swift */,
			);
			path = ReviewPageSample;
			sourceTree = "<group>";
		};
/* End PBXGroup section */

/* Begin PBXNativeTarget section */
		9B37A2C42252549400B77F71 /* ReviewPageSample */ = {
			isa = PBXNativeTarget;
			buildConfigurationList = 9B37A2D72252549600B77F71 /* Build configuration list for PBXNativeTarget "ReviewPageSample" */;
			buildPhases = (
				9B37A2C12252549400B77F71 /* Sources */,
				9B37A2C22252549400B77F71 /* Frameworks */,
				9B37A2C32252549400B77F71 /* Resources */,
			);
			buildRules = (
			);
			dependencies = (
			);
			name = ReviewPageSample;
			productName = ReviewPageSample;
			productReference = 9B37A2C52252549400B77F71 /* ReviewPageSample.app */;
			productType = "com.apple.product-type.application";
		};
/* End PBXNativeTarget section */

/* Begin PBXProject section */
		9B37A2BD2252549400B77F71 /* Project object */ = {
			isa = PBXProject;
			attributes = {
				LastSwiftUpdateCheck = 1010;
				LastUpgradeCheck = 1010;
				ORGANIZATIONNAME = Ursabyte;
				TargetAttributes = {
					9B37A2C42252549400B77F71 = {
						CreatedOnToolsVersion = 10.1;
					};
				};
			};
			buildConfigurationList = 9B37A2C02252549400B77F71 /* Build configuration list for PBXProject "ReviewPageSample" */;
			compatibilityVersion = "Xcode 9.3";
			developmentRegion = en;
			hasScannedForEncodings = 0;
			knownRegions = (
				en,
				Base,
			);
			mainGroup = 9B37A2BC2252549400B77F71;
			productRefGroup = 9B37A2C62252549400B77F71 /* Products */;
			projectDirPath = "";
			projectRoot = "";
			targets = (
				9B37A2C42252549400B77F71 /* ReviewPageSample */,
			);
		};
/* End PBXProject section */

/* Begin PBXResourcesBuildPhase section */
		9B37A2C32252549400B77F71 /* Resources */ = {
			isa = PBXResourcesBuildPhase;
			buildActionMask = 2147483647;
			files = (
				9B37A2D32252549600B77F71 /* LaunchScreen.storyboard in Resources */,
				9B37A2D02252549600B77F71 /* Assets.xcassets in Resources */,
				9B37A2CE2252549400B77F71 /* Main.storyboard in Resources */,
			);
			runOnlyForDeploymentPostprocessing = 0;
		};
/* End PBXResourcesBuildPhase section */

/* Begin PBXSourcesBuildPhase section */
		9B37A2C12252549400B77F71 /* Sources */ = {
			isa = PBXSourcesBuildPhase;
			buildActionMask = 2147483647;
			files = (
				9B37A2DF22525CE300B77F71 /* ReviewModel.swift in Sources */,
				9B37A2CB2252549400B77F71 /* ViewController.swift in Sources */,
				9B37A2C92252549400B77F71 /* AppDelegate.swift in Sources */,
				9B37A2DD2252557C00B77F71 /* ReviewViewController.swift in Sources */,
				9B37A2DB225254C500B77F71 /* RatingController.swift in Sources */,
			);
			runOnlyForDeploymentPostprocessing = 0;
		};
/* End PBXSourcesBuildPhase section */

/* Begin PBXVariantGroup section */
		9B37A2CC2252549400B77F71 /* Main.storyboard */ = {
			isa = PBXVariantGroup;
			children = (
				9B37A2CD2252549400B77F71 /* Base */,
			);
			name = Main.storyboard;
			sourceTree = "<group>";
		};
		9B37A2D12252549600B77F71 /* LaunchScreen.storyboard */ = {
			isa = PBXVariantGroup;
			children = (
				9B37A2D22252549600B77F71 /* Base */,
			);
			name = LaunchScreen.storyboard;
			sourceTree = "<group>";
		};
/* End PBXVariantGroup section */

/* Begin XCBuildConfiguration section */
		9B37A2D52252549600B77F71 /* Debug */ = {
			isa = XCBuildConfiguration;
			buildSettings = {
				ALWAYS_SEARCH_USER_PATHS = NO;
				CLANG_ANALYZER_NONNULL = YES;
				CLANG_ANALYZER_NUMBER_OBJECT_CONVERSION = YES_AGGRESSIVE;
				CLANG_CXX_LANGUAGE_STANDARD = "gnu++14";
				CLANG_CXX_LIBRARY = "libc++";
				CLANG_ENABLE_MODULES = YES;
				CLANG_ENABLE_OBJC_ARC = YES;
				CLANG_ENABLE_OBJC_WEAK = YES;
				CLANG_WARN_BLOCK_CAPTURE_AUTORELEASING = YES;
				CLANG_WARN_BOOL_CONVERSION = YES;
				CLANG_WARN_COMMA = YES;
				CLANG_WARN_CONSTANT_CONVERSION = YES;
				CLANG_WARN_DEPRECATED_OBJC_IMPLEMENTATIONS = YES;
				CLANG_WARN_DIRECT_OBJC_ISA_USAGE = YES_ERROR;
				CLANG_WARN_DOCUMENTATION_COMMENTS = YES;
				CLANG_WARN_EMPTY_BODY = YES;
				CLANG_WARN_ENUM_CONVERSION = YES;
				CLANG_WARN_INFINITE_RECURSION = YES;
				CLANG_WARN_INT_CONVERSION = YES;
				CLANG_WARN_NON_LITERAL_NULL_CONVERSION = YES;
				CLANG_WARN_OBJC_IMPLICIT_RETAIN_SELF = YES;
				CLANG_WARN_OBJC_LITERAL_CONVERSION = YES;
				CLANG_WARN_OBJC_ROOT_CLASS = YES_ERROR;
				CLANG_WARN_RANGE_LOOP_ANALYSIS = YES;
				CLANG_WARN_STRICT_PROTOTYPES = YES;
				CLANG_WARN_SUSPICIOUS_MOVE = YES;
				CLANG_WARN_UNGUARDED_AVAILABILITY = YES_AGGRESSIVE;
				CLANG_WARN_UNREACHABLE_CODE = YES;
				CLANG_WARN__DUPLICATE_METHOD_MATCH = YES;
				CODE_SIGN_IDENTITY = "iPhone Developer";
				COPY_PHASE_STRIP = NO;
				DEBUG_INFORMATION_FORMAT = dwarf;
				ENABLE_STRICT_OBJC_MSGSEND = YES;
				ENABLE_TESTABILITY = YES;
				GCC_C_LANGUAGE_STANDARD = gnu11;
				GCC_DYNAMIC_NO_PIC = NO;
				GCC_NO_COMMON_BLOCKS = YES;
				GCC_OPTIMIZATION_LEVEL = 0;
				GCC_PREPROCESSOR_DEFINITIONS = (
					"DEBUG=1",
					"$(inherited)",
				);
				GCC_WARN_64_TO_32_BIT_CONVERSION = YES;
				GCC_WARN_ABOUT_RETURN_TYPE = YES_ERROR;
				GCC_WARN_UNDECLARED_SELECTOR = YES;
				GCC_WARN_UNINITIALIZED_AUTOS = YES_AGGRESSIVE;
				GCC_WARN_UNUSED_FUNCTION = YES;
				GCC_WARN_UNUSED_VARIABLE = YES;
				IPHONEOS_DEPLOYMENT_TARGET = 12.1;
				MTL_ENABLE_DEBUG_INFO = INCLUDE_SOURCE;
				MTL_FAST_MATH = YES;
				ONLY_ACTIVE_ARCH = YES;
				SDKROOT = iphoneos;
				SWIFT_ACTIVE_COMPILATION_CONDITIONS = DEBUG;
				SWIFT_OPTIMIZATION_LEVEL = "-Onone";
			};
			name = Debug;
		};
		9B37A2D62252549600B77F71 /* Release */ = {
			isa = XCBuildConfiguration;
			buildSettings = {
				ALWAYS_SEARCH_USER_PATHS = NO;
				CLANG_ANALYZER_NONNULL = YES;
				CLANG_ANALYZER_NUMBER_OBJECT_CONVERSION = YES_AGGRESSIVE;
				CLANG_CXX_LANGUAGE_STANDARD = "gnu++14";
				CLANG_CXX_LIBRARY = "libc++";
				CLANG_ENABLE_MODULES = YES;
				CLANG_ENABLE_OBJC_ARC = YES;
				CLANG_ENABLE_OBJC_WEAK = YES;
				CLANG_WARN_BLOCK_CAPTURE_AUTORELEASING = YES;
				CLANG_WARN_BOOL_CONVERSION = YES;
				CLANG_WARN_COMMA = YES;
				CLANG_WARN_CONSTANT_CONVERSION = YES;
				CLANG_WARN_DEPRECATED_OBJC_IMPLEMENTATIONS = YES;
				CLANG_WARN_DIRECT_OBJC_ISA_USAGE = YES_ERROR;
				CLANG_WARN_DOCUMENTATION_COMMENTS = YES;
				CLANG_WARN_EMPTY_BODY = YES;
				CLANG_WARN_ENUM_CONVERSION = YES;
				CLANG_WARN_INFINITE_RECURSION = YES;
				CLANG_WARN_INT_CONVERSION = YES;
				CLANG_WARN_NON_LITERAL_NULL_CONVERSION = YES;
				CLANG_WARN_OBJC_IMPLICIT_RETAIN_SELF = YES;
				CLANG_WARN_OBJC_LITERAL_CONVERSION = YES;
				CLANG_WARN_OBJC_ROOT_CLASS = YES_ERROR;
				CLANG_WARN_RANGE_LOOP_ANALYSIS = YES;
				CLANG_WARN_STRICT_PROTOTYPES = YES;
				CLANG_WARN_SUSPICIOUS_MOVE = YES;
				CLANG_WARN_UNGUARDED_AVAILABILITY = YES_AGGRESSIVE;
				CLANG_WARN_UNREACHABLE_CODE = YES;
				CLANG_WARN__DUPLICATE_METHOD_MATCH = YES;
				CODE_SIGN_IDENTITY = "iPhone Developer";
				COPY_PHASE_STRIP = NO;
				DEBUG_INFORMATION_FORMAT = "dwarf-with-dsym";
				ENABLE_NS_ASSERTIONS = NO;
				ENABLE_STRICT_OBJC_MSGSEND = YES;
				GCC_C_LANGUAGE_STANDARD = gnu11;
				GCC_NO_COMMON_BLOCKS = YES;
				GCC_WARN_64_TO_32_BIT_CONVERSION = YES;
				GCC_WARN_ABOUT_RETURN_TYPE = YES_ERROR;
				GCC_WARN_UNDECLARED_SELECTOR = YES;
				GCC_WARN_UNINITIALIZED_AUTOS = YES_AGGRESSIVE;
				GCC_WARN_UNUSED_FUNCTION = YES;
				GCC_WARN_UNUSED_VARIABLE = YES;
				IPHONEOS_DEPLOYMENT_TARGET = 12.1;
				MTL_ENABLE_DEBUG_INFO = NO;
				MTL_FAST_MATH = YES;
				SDKROOT = iphoneos;
				SWIFT_COMPILATION_MODE = wholemodule;
				SWIFT_OPTIMIZATION_LEVEL = "-O";
				VALIDATE_PRODUCT = YES;
			};
			name = Release;
		};
		9B37A2D82252549600B77F71 /* Debug */ = {
			isa = XCBuildConfiguration;
			buildSettings = {
				ASSETCATALOG_COMPILER_APPICON_NAME = AppIcon;
				CODE_SIGN_STYLE = Automatic;
				DEVELOPMENT_TEAM = 7664RGF732;
				INFOPLIST_FILE = ReviewPageSample/Info.plist;
				LD_RUNPATH_SEARCH_PATHS = (
					"$(inherited)",
					"@executable_path/Frameworks",
				);
				PRODUCT_BUNDLE_IDENTIFIER = com.ursabyte.ReviewPageSample;
				PRODUCT_NAME = "$(TARGET_NAME)";
				SWIFT_VERSION = 4.2;
				TARGETED_DEVICE_FAMILY = "1,2";
			};
			name = Debug;
		};
		9B37A2D92252549600B77F71 /* Release */ = {
			isa = XCBuildConfiguration;
			buildSettings = {
				ASSETCATALOG_COMPILER_APPICON_NAME = AppIcon;
				CODE_SIGN_STYLE = Automatic;
				DEVELOPMENT_TEAM = 7664RGF732;
				INFOPLIST_FILE = ReviewPageSample/Info.plist;
				LD_RUNPATH_SEARCH_PATHS = (
					"$(inherited)",
					"@executable_path/Frameworks",
				);
				PRODUCT_BUNDLE_IDENTIFIER = com.ursabyte.ReviewPageSample;
				PRODUCT_NAME = "$(TARGET_NAME)";
				SWIFT_VERSION = 4.2;
				TARGETED_DEVICE_FAMILY = "1,2";
			};
			name = Release;
		};
/* End XCBuildConfiguration section */

/* Begin XCConfigurationList section */
		9B37A2C02252549400B77F71 /* Build configuration list for PBXProject "ReviewPageSample" */ = {
			isa = XCConfigurationList;
			buildConfigurations = (
				9B37A2D52252549600B77F71 /* Debug */,
				9B37A2D62252549600B77F71 /* Release */,
			);
			defaultConfigurationIsVisible = 0;
			defaultConfigurationName = Release;
		};
		9B37A2D72252549600B77F71 /* Build configuration list for PBXNativeTarget "ReviewPageSample" */ = {
			isa = XCConfigurationList;
			buildConfigurations = (
				9B37A2D82252549600B77F71 /* Debug */,
				9B37A2D92252549600B77F71 /* Release */,
			);
			defaultConfigurationIsVisible = 0;
			defaultConfigurationName = Release;
		};
/* End XCConfigurationList section */
	};
	rootObject = 9B37A2BD2252549400B77F71 /* Project object */;
}
